
Microsoft Visual Studio Solution File, Format Version 12.00
# Visual Studio Version 16
VisualStudioVersion = 16.0.30114.105
MinimumVisualStudioVersion = 10.0.40219.1
Project("{2150E333-8FDC-42A3-9474-1A3956D46DE8}") = "src", "src", "{291B9E95-FC50-46B3-922C-8F27693FBCC1}"
EndProject
Project("{FAE04EC0-301F-11D3-BF4B-00C04F79EFBC}") = "Identity.API", "src\Identity.API\Identity.API.csproj", "{68D179B0-CD6C-4007-9531-00F240268314}"
EndProject
Project("{2150E333-8FDC-42A3-9474-1A3956D46DE8}") = "Examination", "Examination", "{2231059D-FBF8-4C5E-8DCE-99328FFD3E89}"
EndProject
Project("{FAE04EC0-301F-11D3-BF4B-00C04F79EFBC}") = "Examination.API", "src\Examination\Examination.API\Examination.API.csproj", "{45366981-3BBF-4336-A994-AA9442A31824}"
EndProject
Project("{FAE04EC0-301F-11D3-BF4B-00C04F79EFBC}") = "Examination.Application", "src\Examination\Examination.Application\Examination.Application.csproj", "{2D4E5AEB-3A87-4D15-B64D-D31099F9BDEF}"
EndProject
Project("{FAE04EC0-301F-11D3-BF4B-00C04F79EFBC}") = "Examination.Domain", "src\Examination\Examination.Domain\Examination.Domain.csproj", "{56E154AD-3C66-4D9A-90AA-05E2E9EC5B5D}"
EndProject
Project("{FAE04EC0-301F-11D3-BF4B-00C04F79EFBC}") = "Examination.Infrastructure", "src\Examination\Examination.Infrastructure\Examination.Infrastructure.csproj", "{481732DE-1D8F-42C8-99D8-2F853C127DC5}"
EndProject
Project("{2150E333-8FDC-42A3-9474-1A3956D46DE8}") = "tests", "tests", "{C10715D8-08D6-4EC2-8AF5-B021950E1DFE}"
EndProject
Project("{2150E333-8FDC-42A3-9474-1A3956D46DE8}") = "Identity.API", "Identity.API", "{897C7544-FD5E-4CF8-AA70-D0DB7F9D50FF}"
EndProject
Project("{FAE04EC0-301F-11D3-BF4B-00C04F79EFBC}") = "Identity.API.IntegrationTests", "tests\Identity.API\Identity.API.IntegrationTests\Identity.API.IntegrationTests.csproj", "{7B3DD16F-030F-405E-9B0B-F90A99F41ACC}"
EndProject
Project("{2150E333-8FDC-42A3-9474-1A3956D46DE8}") = "Examination", "Examination", "{FCA7210D-1B54-4323-B7E5-A8F03E845EA2}"
EndProject
Project("{FAE04EC0-301F-11D3-BF4B-00C04F79EFBC}") = "Examination.Infrastructure.IntegrationTests", "tests\Examination\Examination.Infrastructure.IntegrationTests\Examination.Infrastructure.IntegrationTests.csproj", "{3CCC8387-8E31-49E2-A111-F9EB032602B6}"
EndProject
Project("{FAE04EC0-301F-11D3-BF4B-00C04F79EFBC}") = "Examination.Domain.UnitTests", "tests\Examination\Examination.Domain.UnitTests\Examination.Domain.UnitTests.csproj", "{D0FEADA5-612A-4AB7-A5D3-3D34B5306A22}"
EndProject
Project("{FAE04EC0-301F-11D3-BF4B-00C04F79EFBC}") = "Examination.Application.UnitTests", "tests\Examination\Examination.Application.UnitTests\Examination.Application.UnitTests.csproj", "{5FCF17BA-3419-437D-A971-9B6F92C383C6}"
EndProject
Project("{FAE04EC0-301F-11D3-BF4B-00C04F79EFBC}") = "Examination.API.IntegrationTests", "tests\Examination\Examination.API.IntegrationTests\Examination.API.IntegrationTests.csproj", "{FDEBBDF9-994C-4A3C-ABFE-02268C1B08B8}"
EndProject
Global
	GlobalSection(SolutionConfigurationPlatforms) = preSolution
		Debug|Any CPU = Debug|Any CPU
		Debug|x64 = Debug|x64
		Debug|x86 = Debug|x86
		Release|Any CPU = Release|Any CPU
		Release|x64 = Release|x64
		Release|x86 = Release|x86
	EndGlobalSection
	GlobalSection(SolutionProperties) = preSolution
		HideSolutionNode = FALSE
	EndGlobalSection
	GlobalSection(ProjectConfigurationPlatforms) = postSolution
		{68D179B0-CD6C-4007-9531-00F240268314}.Debug|Any CPU.ActiveCfg = Debug|Any CPU
		{68D179B0-CD6C-4007-9531-00F240268314}.Debug|Any CPU.Build.0 = Debug|Any CPU
		{68D179B0-CD6C-4007-9531-00F240268314}.Debug|x64.ActiveCfg = Debug|Any CPU
		{68D179B0-CD6C-4007-9531-00F240268314}.Debug|x64.Build.0 = Debug|Any CPU
		{68D179B0-CD6C-4007-9531-00F240268314}.Debug|x86.ActiveCfg = Debug|Any CPU
		{68D179B0-CD6C-4007-9531-00F240268314}.Debug|x86.Build.0 = Debug|Any CPU
		{68D179B0-CD6C-4007-9531-00F240268314}.Release|Any CPU.ActiveCfg = Release|Any CPU
		{68D179B0-CD6C-4007-9531-00F240268314}.Release|Any CPU.Build.0 = Release|Any CPU
		{68D179B0-CD6C-4007-9531-00F240268314}.Release|x64.ActiveCfg = Release|Any CPU
		{68D179B0-CD6C-4007-9531-00F240268314}.Release|x64.Build.0 = Release|Any CPU
		{68D179B0-CD6C-4007-9531-00F240268314}.Release|x86.ActiveCfg = Release|Any CPU
		{68D179B0-CD6C-4007-9531-00F240268314}.Release|x86.Build.0 = Release|Any CPU
		{45366981-3BBF-4336-A994-AA9442A31824}.Debug|Any CPU.ActiveCfg = Debug|Any CPU
		{45366981-3BBF-4336-A994-AA9442A31824}.Debug|Any CPU.Build.0 = Debug|Any CPU
		{45366981-3BBF-4336-A994-AA9442A31824}.Debug|x64.ActiveCfg = Debug|Any CPU
		{45366981-3BBF-4336-A994-AA9442A31824}.Debug|x64.Build.0 = Debug|Any CPU
		{45366981-3BBF-4336-A994-AA9442A31824}.Debug|x86.ActiveCfg = Debug|Any CPU
		{45366981-3BBF-4336-A994-AA9442A31824}.Debug|x86.Build.0 = Debug|Any CPU
		{45366981-3BBF-4336-A994-AA9442A31824}.Release|Any CPU.ActiveCfg = Release|Any CPU
		{45366981-3BBF-4336-A994-AA9442A31824}.Release|Any CPU.Build.0 = Release|Any CPU
		{45366981-3BBF-4336-A994-AA9442A31824}.Release|x64.ActiveCfg = Release|Any CPU
		{45366981-3BBF-4336-A994-AA9442A31824}.Release|x64.Build.0 = Release|Any CPU
		{45366981-3BBF-4336-A994-AA9442A31824}.Release|x86.ActiveCfg = Release|Any CPU
		{45366981-3BBF-4336-A994-AA9442A31824}.Release|x86.Build.0 = Release|Any CPU
		{2D4E5AEB-3A87-4D15-B64D-D31099F9BDEF}.Debug|Any CPU.ActiveCfg = Debug|Any CPU
		{2D4E5AEB-3A87-4D15-B64D-D31099F9BDEF}.Debug|Any CPU.Build.0 = Debug|Any CPU
		{2D4E5AEB-3A87-4D15-B64D-D31099F9BDEF}.Debug|x64.ActiveCfg = Debug|Any CPU
		{2D4E5AEB-3A87-4D15-B64D-D31099F9BDEF}.Debug|x64.Build.0 = Debug|Any CPU
		{2D4E5AEB-3A87-4D15-B64D-D31099F9BDEF}.Debug|x86.ActiveCfg = Debug|Any CPU
		{2D4E5AEB-3A87-4D15-B64D-D31099F9BDEF}.Debug|x86.Build.0 = Debug|Any CPU
		{2D4E5AEB-3A87-4D15-B64D-D31099F9BDEF}.Release|Any CPU.ActiveCfg = Release|Any CPU
		{2D4E5AEB-3A87-4D15-B64D-D31099F9BDEF}.Release|Any CPU.Build.0 = Release|Any CPU
		{2D4E5AEB-3A87-4D15-B64D-D31099F9BDEF}.Release|x64.ActiveCfg = Release|Any CPU
		{2D4E5AEB-3A87-4D15-B64D-D31099F9BDEF}.Release|x64.Build.0 = Release|Any CPU
		{2D4E5AEB-3A87-4D15-B64D-D31099F9BDEF}.Release|x86.ActiveCfg = Release|Any CPU
		{2D4E5AEB-3A87-4D15-B64D-D31099F9BDEF}.Release|x86.Build.0 = Release|Any CPU
		{56E154AD-3C66-4D9A-90AA-05E2E9EC5B5D}.Debug|Any CPU.ActiveCfg = Debug|Any CPU
		{56E154AD-3C66-4D9A-90AA-05E2E9EC5B5D}.Debug|Any CPU.Build.0 = Debug|Any CPU
		{56E154AD-3C66-4D9A-90AA-05E2E9EC5B5D}.Debug|x64.ActiveCfg = Debug|Any CPU
		{56E154AD-3C66-4D9A-90AA-05E2E9EC5B5D}.Debug|x64.Build.0 = Debug|Any CPU
		{56E154AD-3C66-4D9A-90AA-05E2E9EC5B5D}.Debug|x86.ActiveCfg = Debug|Any CPU
		{56E154AD-3C66-4D9A-90AA-05E2E9EC5B5D}.Debug|x86.Build.0 = Debug|Any CPU
		{56E154AD-3C66-4D9A-90AA-05E2E9EC5B5D}.Release|Any CPU.ActiveCfg = Release|Any CPU
		{56E154AD-3C66-4D9A-90AA-05E2E9EC5B5D}.Release|Any CPU.Build.0 = Release|Any CPU
		{56E154AD-3C66-4D9A-90AA-05E2E9EC5B5D}.Release|x64.ActiveCfg = Release|Any CPU
		{56E154AD-3C66-4D9A-90AA-05E2E9EC5B5D}.Release|x64.Build.0 = Release|Any CPU
		{56E154AD-3C66-4D9A-90AA-05E2E9EC5B5D}.Release|x86.ActiveCfg = Release|Any CPU
		{56E154AD-3C66-4D9A-90AA-05E2E9EC5B5D}.Release|x86.Build.0 = Release|Any CPU
		{481732DE-1D8F-42C8-99D8-2F853C127DC5}.Debug|Any CPU.ActiveCfg = Debug|Any CPU
		{481732DE-1D8F-42C8-99D8-2F853C127DC5}.Debug|Any CPU.Build.0 = Debug|Any CPU
		{481732DE-1D8F-42C8-99D8-2F853C127DC5}.Debug|x64.ActiveCfg = Debug|Any CPU
		{481732DE-1D8F-42C8-99D8-2F853C127DC5}.Debug|x64.Build.0 = Debug|Any CPU
		{481732DE-1D8F-42C8-99D8-2F853C127DC5}.Debug|x86.ActiveCfg = Debug|Any CPU
		{481732DE-1D8F-42C8-99D8-2F853C127DC5}.Debug|x86.Build.0 = Debug|Any CPU
		{481732DE-1D8F-42C8-99D8-2F853C127DC5}.Release|Any CPU.ActiveCfg = Release|Any CPU
		{481732DE-1D8F-42C8-99D8-2F853C127DC5}.Release|Any CPU.Build.0 = Release|Any CPU
		{481732DE-1D8F-42C8-99D8-2F853C127DC5}.Release|x64.ActiveCfg = Release|Any CPU
		{481732DE-1D8F-42C8-99D8-2F853C127DC5}.Release|x64.Build.0 = Release|Any CPU
		{481732DE-1D8F-42C8-99D8-2F853C127DC5}.Release|x86.ActiveCfg = Release|Any CPU
		{481732DE-1D8F-42C8-99D8-2F853C127DC5}.Release|x86.Build.0 = Release|Any CPU
		{7B3DD16F-030F-405E-9B0B-F90A99F41ACC}.Debug|Any CPU.ActiveCfg = Debug|Any CPU
		{7B3DD16F-030F-405E-9B0B-F90A99F41ACC}.Debug|Any CPU.Build.0 = Debug|Any CPU
		{7B3DD16F-030F-405E-9B0B-F90A99F41ACC}.Debug|x64.ActiveCfg = Debug|Any CPU
		{7B3DD16F-030F-405E-9B0B-F90A99F41ACC}.Debug|x64.Build.0 = Debug|Any CPU
		{7B3DD16F-030F-405E-9B0B-F90A99F41ACC}.Debug|x86.ActiveCfg = Debug|Any CPU
		{7B3DD16F-030F-405E-9B0B-F90A99F41ACC}.Debug|x86.Build.0 = Debug|Any CPU
		{7B3DD16F-030F-405E-9B0B-F90A99F41ACC}.Release|Any CPU.ActiveCfg = Release|Any CPU
		{7B3DD16F-030F-405E-9B0B-F90A99F41ACC}.Release|Any CPU.Build.0 = Release|Any CPU
		{7B3DD16F-030F-405E-9B0B-F90A99F41ACC}.Release|x64.ActiveCfg = Release|Any CPU
		{7B3DD16F-030F-405E-9B0B-F90A99F41ACC}.Release|x64.Build.0 = Release|Any CPU
		{7B3DD16F-030F-405E-9B0B-F90A99F41ACC}.Release|x86.ActiveCfg = Release|Any CPU
		{7B3DD16F-030F-405E-9B0B-F90A99F41ACC}.Release|x86.Build.0 = Release|Any CPU
		{3CCC8387-8E31-49E2-A111-F9EB032602B6}.Debug|Any CPU.ActiveCfg = Debug|Any CPU
		{3CCC8387-8E31-49E2-A111-F9EB032602B6}.Debug|Any CPU.Build.0 = Debug|Any CPU
		{3CCC8387-8E31-49E2-A111-F9EB032602B6}.Debug|x64.ActiveCfg = Debug|Any CPU
		{3CCC8387-8E31-49E2-A111-F9EB032602B6}.Debug|x64.Build.0 = Debug|Any CPU
		{3CCC8387-8E31-49E2-A111-F9EB032602B6}.Debug|x86.ActiveCfg = Debug|Any CPU
		{3CCC8387-8E31-49E2-A111-F9EB032602B6}.Debug|x86.Build.0 = Debug|Any CPU
		{3CCC8387-8E31-49E2-A111-F9EB032602B6}.Release|Any CPU.ActiveCfg = Release|Any CPU
		{3CCC8387-8E31-49E2-A111-F9EB032602B6}.Release|Any CPU.Build.0 = Release|Any CPU
		{3CCC8387-8E31-49E2-A111-F9EB032602B6}.Release|x64.ActiveCfg = Release|Any CPU
		{3CCC8387-8E31-49E2-A111-F9EB032602B6}.Release|x64.Build.0 = Release|Any CPU
		{3CCC8387-8E31-49E2-A111-F9EB032602B6}.Release|x86.ActiveCfg = Release|Any CPU
		{3CCC8387-8E31-49E2-A111-F9EB032602B6}.Release|x86.Build.0 = Release|Any CPU
		{D0FEADA5-612A-4AB7-A5D3-3D34B5306A22}.Debug|Any CPU.ActiveCfg = Debug|Any CPU
		{D0FEADA5-612A-4AB7-A5D3-3D34B5306A22}.Debug|Any CPU.Build.0 = Debug|Any CPU
		{D0FEADA5-612A-4AB7-A5D3-3D34B5306A22}.Debug|x64.ActiveCfg = Debug|Any CPU
		{D0FEADA5-612A-4AB7-A5D3-3D34B5306A22}.Debug|x64.Build.0 = Debug|Any CPU
		{D0FEADA5-612A-4AB7-A5D3-3D34B5306A22}.Debug|x86.ActiveCfg = Debug|Any CPU
		{D0FEADA5-612A-4AB7-A5D3-3D34B5306A22}.Debug|x86.Build.0 = Debug|Any CPU
		{D0FEADA5-612A-4AB7-A5D3-3D34B5306A22}.Release|Any CPU.ActiveCfg = Release|Any CPU
		{D0FEADA5-612A-4AB7-A5D3-3D34B5306A22}.Release|Any CPU.Build.0 = Release|Any CPU
		{D0FEADA5-612A-4AB7-A5D3-3D34B5306A22}.Release|x64.ActiveCfg = Release|Any CPU
		{D0FEADA5-612A-4AB7-A5D3-3D34B5306A22}.Release|x64.Build.0 = Release|Any CPU
		{D0FEADA5-612A-4AB7-A5D3-3D34B5306A22}.Release|x86.ActiveCfg = Release|Any CPU
		{D0FEADA5-612A-4AB7-A5D3-3D34B5306A22}.Release|x86.Build.0 = Release|Any CPU
		{5FCF17BA-3419-437D-A971-9B6F92C383C6}.Debug|Any CPU.ActiveCfg = Debug|Any CPU
		{5FCF17BA-3419-437D-A971-9B6F92C383C6}.Debug|Any CPU.Build.0 = Debug|Any CPU
		{5FCF17BA-3419-437D-A971-9B6F92C383C6}.Debug|x64.ActiveCfg = Debug|Any CPU
		{5FCF17BA-3419-437D-A971-9B6F92C383C6}.Debug|x64.Build.0 = Debug|Any CPU
		{5FCF17BA-3419-437D-A971-9B6F92C383C6}.Debug|x86.ActiveCfg = Debug|Any CPU
		{5FCF17BA-3419-437D-A971-9B6F92C383C6}.Debug|x86.Build.0 = Debug|Any CPU
		{5FCF17BA-3419-437D-A971-9B6F92C383C6}.Release|Any CPU.ActiveCfg = Release|Any CPU
		{5FCF17BA-3419-437D-A971-9B6F92C383C6}.Release|Any CPU.Build.0 = Release|Any CPU
		{5FCF17BA-3419-437D-A971-9B6F92C383C6}.Release|x64.ActiveCfg = Release|Any CPU
		{5FCF17BA-3419-437D-A971-9B6F92C383C6}.Release|x64.Build.0 = Release|Any CPU
		{5FCF17BA-3419-437D-A971-9B6F92C383C6}.Release|x86.ActiveCfg = Release|Any CPU
		{5FCF17BA-3419-437D-A971-9B6F92C383C6}.Release|x86.Build.0 = Release|Any CPU
		{FDEBBDF9-994C-4A3C-ABFE-02268C1B08B8}.Debug|Any CPU.ActiveCfg = Debug|Any CPU
		{FDEBBDF9-994C-4A3C-ABFE-02268C1B08B8}.Debug|Any CPU.Build.0 = Debug|Any CPU
		{FDEBBDF9-994C-4A3C-ABFE-02268C1B08B8}.Debug|x64.ActiveCfg = Debug|Any CPU
		{FDEBBDF9-994C-4A3C-ABFE-02268C1B08B8}.Debug|x64.Build.0 = Debug|Any CPU
		{FDEBBDF9-994C-4A3C-ABFE-02268C1B08B8}.Debug|x86.ActiveCfg = Debug|Any CPU
		{FDEBBDF9-994C-4A3C-ABFE-02268C1B08B8}.Debug|x86.Build.0 = Debug|Any CPU
		{FDEBBDF9-994C-4A3C-ABFE-02268C1B08B8}.Release|Any CPU.ActiveCfg = Release|Any CPU
		{FDEBBDF9-994C-4A3C-ABFE-02268C1B08B8}.Release|Any CPU.Build.0 = Release|Any CPU
		{FDEBBDF9-994C-4A3C-ABFE-02268C1B08B8}.Release|x64.ActiveCfg = Release|Any CPU
		{FDEBBDF9-994C-4A3C-ABFE-02268C1B08B8}.Release|x64.Build.0 = Release|Any CPU
		{FDEBBDF9-994C-4A3C-ABFE-02268C1B08B8}.Release|x86.ActiveCfg = Release|Any CPU
		{FDEBBDF9-994C-4A3C-ABFE-02268C1B08B8}.Release|x86.Build.0 = Release|Any CPU
	EndGlobalSection
	GlobalSection(NestedProjects) = preSolution
		{68D179B0-CD6C-4007-9531-00F240268314} = {291B9E95-FC50-46B3-922C-8F27693FBCC1}
		{2231059D-FBF8-4C5E-8DCE-99328FFD3E89} = {291B9E95-FC50-46B3-922C-8F27693FBCC1}
		{45366981-3BBF-4336-A994-AA9442A31824} = {2231059D-FBF8-4C5E-8DCE-99328FFD3E89}
		{2D4E5AEB-3A87-4D15-B64D-D31099F9BDEF} = {2231059D-FBF8-4C5E-8DCE-99328FFD3E89}
		{56E154AD-3C66-4D9A-90AA-05E2E9EC5B5D} = {2231059D-FBF8-4C5E-8DCE-99328FFD3E89}
		{481732DE-1D8F-42C8-99D8-2F853C127DC5} = {2231059D-FBF8-4C5E-8DCE-99328FFD3E89}
		{897C7544-FD5E-4CF8-AA70-D0DB7F9D50FF} = {C10715D8-08D6-4EC2-8AF5-B021950E1DFE}
		{7B3DD16F-030F-405E-9B0B-F90A99F41ACC} = {897C7544-FD5E-4CF8-AA70-D0DB7F9D50FF}
		{FCA7210D-1B54-4323-B7E5-A8F03E845EA2} = {C10715D8-08D6-4EC2-8AF5-B021950E1DFE}
		{3CCC8387-8E31-49E2-A111-F9EB032602B6} = {FCA7210D-1B54-4323-B7E5-A8F03E845EA2}
		{D0FEADA5-612A-4AB7-A5D3-3D34B5306A22} = {FCA7210D-1B54-4323-B7E5-A8F03E845EA2}
		{5FCF17BA-3419-437D-A971-9B6F92C383C6} = {FCA7210D-1B54-4323-B7E5-A8F03E845EA2}
		{FDEBBDF9-994C-4A3C-ABFE-02268C1B08B8} = {FCA7210D-1B54-4323-B7E5-A8F03E845EA2}
	EndGlobalSection
EndGlobal
